// !$*UTF8*$!
{
	archiveVersion = 1;
	classes = {
	};
	objectVersion = 46;
	objects = {

/* Begin PBXBuildFile section */
		AF57E4B91514DECD00E3FF7B /* Cocoa.framework in Frameworks */ = {isa = PBXBuildFile; fileRef = AF57E4B81514DECD00E3FF7B /* Cocoa.framework */; };
		AF57E4C31514DECD00E3FF7B /* InfoPlist.strings in Resources */ = {isa = PBXBuildFile; fileRef = AF57E4C11514DECD00E3FF7B /* InfoPlist.strings */; };
		AF57E4C71514DECD00E3FF7B /* MRMouse.m in Sources */ = {isa = PBXBuildFile; fileRef = AF57E4C61514DECD00E3FF7B /* MRMouse.m */; };
		AF57E4CF1514DECD00E3FF7B /* SenTestingKit.framework in Frameworks */ = {isa = PBXBuildFile; fileRef = AF57E4CE1514DECD00E3FF7B /* SenTestingKit.framework */; };
		AF57E4D01514DECD00E3FF7B /* Cocoa.framework in Frameworks */ = {isa = PBXBuildFile; fileRef = AF57E4B81514DECD00E3FF7B /* Cocoa.framework */; };
		AF57E4D31514DECD00E3FF7B /* MRMouse.framework in Frameworks */ = {isa = PBXBuildFile; fileRef = AF57E4B51514DECD00E3FF7B /* MRMouse.framework */; };
		AF57E4D91514DECD00E3FF7B /* InfoPlist.strings in Resources */ = {isa = PBXBuildFile; fileRef = AF57E4D71514DECD00E3FF7B /* InfoPlist.strings */; };
		AF57E4DC1514DECD00E3FF7B /* MRMouseTests.m in Sources */ = {isa = PBXBuildFile; fileRef = AF57E4DB1514DECD00E3FF7B /* MRMouseTests.m */; };
/* End PBXBuildFile section */

/* Begin PBXContainerItemProxy section */
		AF57E4D11514DECD00E3FF7B /* PBXContainerItemProxy */ = {
			isa = PBXContainerItemProxy;
			containerPortal = AF57E4AB1514DECD00E3FF7B /* Project object */;
			proxyType = 1;
			remoteGlobalIDString = AF57E4B41514DECD00E3FF7B;
			remoteInfo = MRMouse;
		};
/* End PBXContainerItemProxy section */

/* Begin PBXFileReference section */
		AF57E4B51514DECD00E3FF7B /* MRMouse.framework */ = {isa = PBXFileReference; explicitFileType = wrapper.framework; includeInIndex = 0; path = MRMouse.framework; sourceTree = BUILT_PRODUCTS_DIR; };
		AF57E4B81514DECD00E3FF7B /* Cocoa.framework */ = {isa = PBXFileReference; lastKnownFileType = wrapper.framework; name = Cocoa.framework; path = System/Library/Frameworks/Cocoa.framework; sourceTree = SDKROOT; };
		AF57E4BB1514DECD00E3FF7B /* AppKit.framework */ = {isa = PBXFileReference; lastKnownFileType = wrapper.framework; name = AppKit.framework; path = System/Library/Frameworks/AppKit.framework; sourceTree = SDKROOT; };
		AF57E4BC1514DECD00E3FF7B /* CoreData.framework */ = {isa = PBXFileReference; lastKnownFileType = wrapper.framework; name = CoreData.framework; path = System/Library/Frameworks/CoreData.framework; sourceTree = SDKROOT; };
		AF57E4BD1514DECD00E3FF7B /* Foundation.framework */ = {isa = PBXFileReference; lastKnownFileType = wrapper.framework; name = Foundation.framework; path = System/Library/Frameworks/Foundation.framework; sourceTree = SDKROOT; };
		AF57E4C01514DECD00E3FF7B /* MRMouse-Info.plist */ = {isa = PBXFileReference; lastKnownFileType = text.plist.xml; path = "MRMouse-Info.plist"; sourceTree = "<group>"; };
		AF57E4C21514DECD00E3FF7B /* en */ = {isa = PBXFileReference; lastKnownFileType = text.plist.strings; name = en; path = en.lproj/InfoPlist.strings; sourceTree = "<group>"; };
		AF57E4C41514DECD00E3FF7B /* MRMouse-Prefix.pch */ = {isa = PBXFileReference; lastKnownFileType = sourcecode.c.h; path = "MRMouse-Prefix.pch"; sourceTree = "<group>"; };
		AF57E4C51514DECD00E3FF7B /* MRMouse.h */ = {isa = PBXFileReference; lastKnownFileType = sourcecode.c.h; path = MRMouse.h; sourceTree = "<group>"; };
		AF57E4C61514DECD00E3FF7B /* MRMouse.m */ = {isa = PBXFileReference; lastKnownFileType = sourcecode.c.objc; path = MRMouse.m; sourceTree = "<group>"; };
		AF57E4CD1514DECD00E3FF7B /* MRMouseTests.octest */ = {isa = PBXFileReference; explicitFileType = wrapper.cfbundle; includeInIndex = 0; path = MRMouseTests.octest; sourceTree = BUILT_PRODUCTS_DIR; };
		AF57E4CE1514DECD00E3FF7B /* SenTestingKit.framework */ = {isa = PBXFileReference; lastKnownFileType = wrapper.framework; name = SenTestingKit.framework; path = Library/Frameworks/SenTestingKit.framework; sourceTree = DEVELOPER_DIR; };
		AF57E4D61514DECD00E3FF7B /* MRMouseTests-Info.plist */ = {isa = PBXFileReference; lastKnownFileType = text.plist.xml; path = "MRMouseTests-Info.plist"; sourceTree = "<group>"; };
		AF57E4D81514DECD00E3FF7B /* en */ = {isa = PBXFileReference; lastKnownFileType = text.plist.strings; name = en; path = en.lproj/InfoPlist.strings; sourceTree = "<group>"; };
		AF57E4DA1514DECD00E3FF7B /* MRMouseTests.h */ = {isa = PBXFileReference; lastKnownFileType = sourcecode.c.h; path = MRMouseTests.h; sourceTree = "<group>"; };
		AF57E4DB1514DECD00E3FF7B /* MRMouseTests.m */ = {isa = PBXFileReference; lastKnownFileType = sourcecode.c.objc; path = MRMouseTests.m; sourceTree = "<group>"; };
/* End PBXFileReference section */

/* Begin PBXFrameworksBuildPhase section */
		AF57E4B11514DECD00E3FF7B /* Frameworks */ = {
			isa = PBXFrameworksBuildPhase;
			buildActionMask = 2147483647;
			files = (
				AF57E4B91514DECD00E3FF7B /* Cocoa.framework in Frameworks */,
			);
			runOnlyForDeploymentPostprocessing = 0;
		};
		AF57E4C91514DECD00E3FF7B /* Frameworks */ = {
			isa = PBXFrameworksBuildPhase;
			buildActionMask = 2147483647;
			files = (
				AF57E4CF1514DECD00E3FF7B /* SenTestingKit.framework in Frameworks */,
				AF57E4D01514DECD00E3FF7B /* Cocoa.framework in Frameworks */,
				AF57E4D31514DECD00E3FF7B /* MRMouse.framework in Frameworks */,
			);
			runOnlyForDeploymentPostprocessing = 0;
		};
/* End PBXFrameworksBuildPhase section */

/* Begin PBXGroup section */
		AF57E4A91514DECD00E3FF7B = {
			isa = PBXGroup;
			children = (
				AF57E4BE1514DECD00E3FF7B /* MRMouse */,
				AF57E4D41514DECD00E3FF7B /* MRMouseTests */,
				AF57E4B71514DECD00E3FF7B /* Frameworks */,
				AF57E4B61514DECD00E3FF7B /* Products */,
			);
			sourceTree = "<group>";
		};
		AF57E4B61514DECD00E3FF7B /* Products */ = {
			isa = PBXGroup;
			children = (
				AF57E4B51514DECD00E3FF7B /* MRMouse.framework */,
				AF57E4CD1514DECD00E3FF7B /* MRMouseTests.octest */,
			);
			name = Products;
			sourceTree = "<group>";
		};
		AF57E4B71514DECD00E3FF7B /* Frameworks */ = {
			isa = PBXGroup;
			children = (
				AF57E4B81514DECD00E3FF7B /* Cocoa.framework */,
				AF57E4CE1514DECD00E3FF7B /* SenTestingKit.framework */,
				AF57E4BA1514DECD00E3FF7B /* Other Frameworks */,
			);
			name = Frameworks;
			sourceTree = "<group>";
		};
		AF57E4BA1514DECD00E3FF7B /* Other Frameworks */ = {
			isa = PBXGroup;
			children = (
				AF57E4BB1514DECD00E3FF7B /* AppKit.framework */,
				AF57E4BC1514DECD00E3FF7B /* CoreData.framework */,
				AF57E4BD1514DECD00E3FF7B /* Foundation.framework */,
			);
			name = "Other Frameworks";
			sourceTree = "<group>";
		};
		AF57E4BE1514DECD00E3FF7B /* MRMouse */ = {
			isa = PBXGroup;
			children = (
				AF57E4C51514DECD00E3FF7B /* MRMouse.h */,
				AF57E4C61514DECD00E3FF7B /* MRMouse.m */,
				AF57E4BF1514DECD00E3FF7B /* Supporting Files */,
			);
			path = MRMouse;
			sourceTree = "<group>";
		};
		AF57E4BF1514DECD00E3FF7B /* Supporting Files */ = {
			isa = PBXGroup;
			children = (
				AF57E4C01514DECD00E3FF7B /* MRMouse-Info.plist */,
				AF57E4C11514DECD00E3FF7B /* InfoPlist.strings */,
				AF57E4C41514DECD00E3FF7B /* MRMouse-Prefix.pch */,
			);
			name = "Supporting Files";
			sourceTree = "<group>";
		};
		AF57E4D41514DECD00E3FF7B /* MRMouseTests */ = {
			isa = PBXGroup;
			children = (
				AF57E4DA1514DECD00E3FF7B /* MRMouseTests.h */,
				AF57E4DB1514DECD00E3FF7B /* MRMouseTests.m */,
				AF57E4D51514DECD00E3FF7B /* Supporting Files */,
			);
			path = MRMouseTests;
			sourceTree = "<group>";
		};
		AF57E4D51514DECD00E3FF7B /* Supporting Files */ = {
			isa = PBXGroup;
			children = (
				AF57E4D61514DECD00E3FF7B /* MRMouseTests-Info.plist */,
				AF57E4D71514DECD00E3FF7B /* InfoPlist.strings */,
			);
			name = "Supporting Files";
			sourceTree = "<group>";
		};
/* End PBXGroup section */

/* Begin PBXHeadersBuildPhase section */
		AF57E4B21514DECD00E3FF7B /* Headers */ = {
			isa = PBXHeadersBuildPhase;
			buildActionMask = 2147483647;
			files = (
			);
			runOnlyForDeploymentPostprocessing = 0;
		};
/* End PBXHeadersBuildPhase section */

/* Begin PBXNativeTarget section */
		AF57E4B41514DECD00E3FF7B /* MRMouse */ = {
			isa = PBXNativeTarget;
			buildConfigurationList = AF57E4DF1514DECD00E3FF7B /* Build configuration list for PBXNativeTarget "MRMouse" */;
			buildPhases = (
				AF57E4B01514DECD00E3FF7B /* Sources */,
				AF57E4B11514DECD00E3FF7B /* Frameworks */,
				AF57E4B21514DECD00E3FF7B /* Headers */,
				AF57E4B31514DECD00E3FF7B /* Resources */,
			);
			buildRules = (
			);
			dependencies = (
			);
			name = MRMouse;
			productName = MRMouse;
			productReference = AF57E4B51514DECD00E3FF7B /* MRMouse.framework */;
			productType = "com.apple.product-type.framework";
		};
		AF57E4CC1514DECD00E3FF7B /* MRMouseTests */ = {
			isa = PBXNativeTarget;
			buildConfigurationList = AF57E4E21514DECD00E3FF7B /* Build configuration list for PBXNativeTarget "MRMouseTests" */;
			buildPhases = (
				AF57E4C81514DECD00E3FF7B /* Sources */,
				AF57E4C91514DECD00E3FF7B /* Frameworks */,
				AF57E4CA1514DECD00E3FF7B /* Resources */,
				AF57E4CB1514DECD00E3FF7B /* ShellScript */,
			);
			buildRules = (
			);
			dependencies = (
				AF57E4D21514DECD00E3FF7B /* PBXTargetDependency */,
			);
			name = MRMouseTests;
			productName = MRMouseTests;
			productReference = AF57E4CD1514DECD00E3FF7B /* MRMouseTests.octest */;
			productType = "com.apple.product-type.bundle";
		};
/* End PBXNativeTarget section */

/* Begin PBXProject section */
		AF57E4AB1514DECD00E3FF7B /* Project object */ = {
			isa = PBXProject;
			attributes = {
				LastUpgradeCheck = 0430;
				ORGANIZATIONNAME = "Marketcircle Incorporated";
			};
			buildConfigurationList = AF57E4AE1514DECD00E3FF7B /* Build configuration list for PBXProject "MRMouse" */;
			compatibilityVersion = "Xcode 3.2";
			developmentRegion = English;
			hasScannedForEncodings = 0;
			knownRegions = (
				en,
			);
			mainGroup = AF57E4A91514DECD00E3FF7B;
			productRefGroup = AF57E4B61514DECD00E3FF7B /* Products */;
			projectDirPath = "";
			projectRoot = "";
			targets = (
				AF57E4B41514DECD00E3FF7B /* MRMouse */,
				AF57E4CC1514DECD00E3FF7B /* MRMouseTests */,
			);
		};
/* End PBXProject section */

/* Begin PBXResourcesBuildPhase section */
		AF57E4B31514DECD00E3FF7B /* Resources */ = {
			isa = PBXResourcesBuildPhase;
			buildActionMask = 2147483647;
			files = (
				AF57E4C31514DECD00E3FF7B /* InfoPlist.strings in Resources */,
			);
			runOnlyForDeploymentPostprocessing = 0;
		};
		AF57E4CA1514DECD00E3FF7B /* Resources */ = {
			isa = PBXResourcesBuildPhase;
			buildActionMask = 2147483647;
			files = (
				AF57E4D91514DECD00E3FF7B /* InfoPlist.strings in Resources */,
			);
			runOnlyForDeploymentPostprocessing = 0;
		};
/* End PBXResourcesBuildPhase section */

/* Begin PBXShellScriptBuildPhase section */
		AF57E4CB1514DECD00E3FF7B /* ShellScript */ = {
			isa = PBXShellScriptBuildPhase;
			buildActionMask = 2147483647;
			files = (
			);
			inputPaths = (
			);
			outputPaths = (
			);
			runOnlyForDeploymentPostprocessing = 0;
			shellPath = /bin/sh;
			shellScript = "# Run the unit tests in this test bundle.\n\"${SYSTEM_DEVELOPER_DIR}/Tools/RunUnitTests\"\n";
		};
/* End PBXShellScriptBuildPhase section */

/* Begin PBXSourcesBuildPhase section */
		AF57E4B01514DECD00E3FF7B /* Sources */ = {
			isa = PBXSourcesBuildPhase;
			buildActionMask = 2147483647;
			files = (
				AF57E4C71514DECD00E3FF7B /* MRMouse.m in Sources */,
			);
			runOnlyForDeploymentPostprocessing = 0;
		};
		AF57E4C81514DECD00E3FF7B /* Sources */ = {
			isa = PBXSourcesBuildPhase;
			buildActionMask = 2147483647;
			files = (
				AF57E4DC1514DECD00E3FF7B /* MRMouseTests.m in Sources */,
			);
			runOnlyForDeploymentPostprocessing = 0;
		};
/* End PBXSourcesBuildPhase section */

/* Begin PBXTargetDependency section */
		AF57E4D21514DECD00E3FF7B /* PBXTargetDependency */ = {
			isa = PBXTargetDependency;
			target = AF57E4B41514DECD00E3FF7B /* MRMouse */;
			targetProxy = AF57E4D11514DECD00E3FF7B /* PBXContainerItemProxy */;
		};
/* End PBXTargetDependency section */

/* Begin PBXVariantGroup section */
		AF57E4C11514DECD00E3FF7B /* InfoPlist.strings */ = {
			isa = PBXVariantGroup;
			children = (
				AF57E4C21514DECD00E3FF7B /* en */,
			);
			name = InfoPlist.strings;
			sourceTree = "<group>";
		};
		AF57E4D71514DECD00E3FF7B /* InfoPlist.strings */ = {
			isa = PBXVariantGroup;
			children = (
				AF57E4D81514DECD00E3FF7B /* en */,
			);
			name = InfoPlist.strings;
			sourceTree = "<group>";
		};
/* End PBXVariantGroup section */

/* Begin XCBuildConfiguration section */
		AF57E4DD1514DECD00E3FF7B /* Debug */ = {
			isa = XCBuildConfiguration;
			buildSettings = {
				ALWAYS_SEARCH_USER_PATHS = NO;
				ARCHS = "$(ARCHS_STANDARD_64_BIT)";
				COPY_PHASE_STRIP = NO;
				GCC_C_LANGUAGE_STANDARD = gnu99;
				GCC_DYNAMIC_NO_PIC = NO;
				GCC_ENABLE_OBJC_EXCEPTIONS = YES;
				GCC_OPTIMIZATION_LEVEL = 0;
				GCC_PREPROCESSOR_DEFINITIONS = (
					"DEBUG=1",
					"$(inherited)",
				);
				GCC_SYMBOLS_PRIVATE_EXTERN = NO;
				GCC_VERSION = com.apple.compilers.llvm.clang.1_0;
				GCC_WARN_64_TO_32_BIT_CONVERSION = YES;
				GCC_WARN_ABOUT_RETURN_TYPE = YES;
				GCC_WARN_UNINITIALIZED_AUTOS = YES;
				GCC_WARN_UNUSED_VARIABLE = YES;
				MACOSX_DEPLOYMENT_TARGET = 10.7;
				ONLY_ACTIVE_ARCH = YES;
				SDKROOT = macosx;
			};
			name = Debug;
		};
		AF57E4DE1514DECD00E3FF7B /* Release */ = {
			isa = XCBuildConfiguration;
			buildSettings = {
				ALWAYS_SEARCH_USER_PATHS = NO;
				ARCHS = "$(ARCHS_STANDARD_64_BIT)";
				COPY_PHASE_STRIP = YES;
				DEBUG_INFORMATION_FORMAT = "dwarf-with-dsym";
				GCC_C_LANGUAGE_STANDARD = gnu99;
				GCC_ENABLE_OBJC_EXCEPTIONS = YES;
				GCC_VERSION = com.apple.compilers.llvm.clang.1_0;
				GCC_WARN_64_TO_32_BIT_CONVERSION = YES;
				GCC_WARN_ABOUT_RETURN_TYPE = YES;
				GCC_WARN_UNINITIALIZED_AUTOS = YES;
				GCC_WARN_UNUSED_VARIABLE = YES;
				MACOSX_DEPLOYMENT_TARGET = 10.7;
				SDKROOT = macosx;
			};
			name = Release;
		};
		AF57E4E01514DECD00E3FF7B /* Debug */ = {
			isa = XCBuildConfiguration;
			buildSettings = {
				DYLIB_COMPATIBILITY_VERSION = 1;
				DYLIB_CURRENT_VERSION = 1;
				FRAMEWORK_VERSION = A;
				GCC_PRECOMPILE_PREFIX_HEADER = YES;
				GCC_PREFIX_HEADER = "MRMouse/MRMouse-Prefix.pch";
				INFOPLIST_FILE = "MRMouse/MRMouse-Info.plist";
				PRODUCT_NAME = "$(TARGET_NAME)";
				WRAPPER_EXTENSION = framework;
			};
			name = Debug;
		};
		AF57E4E11514DECD00E3FF7B /* Release */ = {
			isa = XCBuildConfiguration;
			buildSettings = {
				DYLIB_COMPATIBILITY_VERSION = 1;
				DYLIB_CURRENT_VERSION = 1;
				FRAMEWORK_VERSION = A;
				GCC_PRECOMPILE_PREFIX_HEADER = YES;
				GCC_PREFIX_HEADER = "MRMouse/MRMouse-Prefix.pch";
				INFOPLIST_FILE = "MRMouse/MRMouse-Info.plist";
				PRODUCT_NAME = "$(TARGET_NAME)";
				WRAPPER_EXTENSION = framework;
			};
			name = Release;
		};
		AF57E4E31514DECD00E3FF7B /* Debug */ = {
			isa = XCBuildConfiguration;
			buildSettings = {
				FRAMEWORK_SEARCH_PATHS = "$(DEVELOPER_LIBRARY_DIR)/Frameworks";
				GCC_PRECOMPILE_PREFIX_HEADER = YES;
				GCC_PREFIX_HEADER = "MRMouse/MRMouse-Prefix.pch";
				INFOPLIST_FILE = "MRMouseTests/MRMouseTests-Info.plist";
				PRODUCT_NAME = "$(TARGET_NAME)";
				WRAPPER_EXTENSION = octest;
			};
			name = Debug;
		};
		AF57E4E41514DECD00E3FF7B /* Release */ = {
			isa = XCBuildConfiguration;
			buildSettings = {
				FRAMEWORK_SEARCH_PATHS = "$(DEVELOPER_LIBRARY_DIR)/Frameworks";
				GCC_PRECOMPILE_PREFIX_HEADER = YES;
				GCC_PREFIX_HEADER = "MRMouse/MRMouse-Prefix.pch";
				INFOPLIST_FILE = "MRMouseTests/MRMouseTests-Info.plist";
				PRODUCT_NAME = "$(TARGET_NAME)";
				WRAPPER_EXTENSION = octest;
			};
			name = Release;
		};
/* End XCBuildConfiguration section */

/* Begin XCConfigurationList section */
		AF57E4AE1514DECD00E3FF7B /* Build configuration list for PBXProject "MRMouse" */ = {
			isa = XCConfigurationList;
			buildConfigurations = (
				AF57E4DD1514DECD00E3FF7B /* Debug */,
				AF57E4DE1514DECD00E3FF7B /* Release */,
			);
			defaultConfigurationIsVisible = 0;
			defaultConfigurationName = Release;
		};
		AF57E4DF1514DECD00E3FF7B /* Build configuration list for PBXNativeTarget "MRMouse" */ = {
			isa = XCConfigurationList;
			buildConfigurations = (
				AF57E4E01514DECD00E3FF7B /* Debug */,
				AF57E4E11514DECD00E3FF7B /* Release */,
			);
			defaultConfigurationIsVisible = 0;
		};
		AF57E4E21514DECD00E3FF7B /* Build configuration list for PBXNativeTarget "MRMouseTests" */ = {
			isa = XCConfigurationList;
			buildConfigurations = (
				AF57E4E31514DECD00E3FF7B /* Debug */,
				AF57E4E41514DECD00E3FF7B /* Release */,
			);
			defaultConfigurationIsVisible = 0;
		};
/* End XCConfigurationList section */
	};
	rootObject = AF57E4AB1514DECD00E3FF7B /* Project object */;
}
